
Microsoft Visual Studio Solution File, Format Version 12.00
# Visual Studio Version 16
VisualStudioVersion = 16.0.31105.61
MinimumVisualStudioVersion = 10.0.40219.1
Project("{FAE04EC0-301F-11D3-BF4B-00C04F79EFBC}") = "TeknoPaylas", "TeknoPaylas\TeknoPaylas.csproj", "{54AA52E0-DB71-4F1B-8F75-E2B891C2D036}"
EndProject
Project("{FAE04EC0-301F-11D3-BF4B-00C04F79EFBC}") = "EntityLayer", "EntityLayer\EntityLayer.csproj", "{83137845-4F02-41F1-BF06-166280CB1CFB}"
EndProject
Project("{FAE04EC0-301F-11D3-BF4B-00C04F79EFBC}") = "DataAccessLayer", "DataAccessLayer\DataAccessLayer.csproj", "{18189237-1DDE-40FD-BCE9-2D61348BEC59}"
EndProject
Project("{FAE04EC0-301F-11D3-BF4B-00C04F79EFBC}") = "BusinessLayer", "BusinessLayer\BusinessLayer.csproj", "{F175F824-1A7C-4084-8A9E-14D2296EC5C3}"
EndProject
Global
	GlobalSection(SolutionConfigurationPlatforms) = preSolution
		Debug|Any CPU = Debug|Any CPU
		Release|Any CPU = Release|Any CPU
	EndGlobalSection
	GlobalSection(ProjectConfigurationPlatforms) = postSolution
		{54AA52E0-DB71-4F1B-8F75-E2B891C2D036}.Debug|Any CPU.ActiveCfg = Debug|Any CPU
		{54AA52E0-DB71-4F1B-8F75-E2B891C2D036}.Debug|Any CPU.Build.0 = Debug|Any CPU
		{54AA52E0-DB71-4F1B-8F75-E2B891C2D036}.Release|Any CPU.ActiveCfg = Release|Any CPU
		{54AA52E0-DB71-4F1B-8F75-E2B891C2D036}.Release|Any CPU.Build.0 = Release|Any CPU
		{83137845-4F02-41F1-BF06-166280CB1CFB}.Debug|Any CPU.ActiveCfg = Debug|Any CPU
		{83137845-4F02-41F1-BF06-166280CB1CFB}.Debug|Any CPU.Build.0 = Debug|Any CPU
		{83137845-4F02-41F1-BF06-166280CB1CFB}.Release|Any CPU.ActiveCfg = Release|Any CPU
		{83137845-4F02-41F1-BF06-166280CB1CFB}.Release|Any CPU.Build.0 = Release|Any CPU
		{18189237-1DDE-40FD-BCE9-2D61348BEC59}.Debug|Any CPU.ActiveCfg = Debug|Any CPU
		{18189237-1DDE-40FD-BCE9-2D61348BEC59}.Debug|Any CPU.Build.0 = Debug|Any CPU
		{18189237-1DDE-40FD-BCE9-2D61348BEC59}.Release|Any CPU.ActiveCfg = Release|Any CPU
		{18189237-1DDE-40FD-BCE9-2D61348BEC59}.Release|Any CPU.Build.0 = Release|Any CPU
		{F175F824-1A7C-4084-8A9E-14D2296EC5C3}.Debug|Any CPU.ActiveCfg = Debug|Any CPU
		{F175F824-1A7C-4084-8A9E-14D2296EC5C3}.Debug|Any CPU.Build.0 = Debug|Any CPU
		{F175F824-1A7C-4084-8A9E-14D2296EC5C3}.Release|Any CPU.ActiveCfg = Release|Any CPU
		{F175F824-1A7C-4084-8A9E-14D2296EC5C3}.Release|Any CPU.Build.0 = Release|Any CPU
	EndGlobalSection
	GlobalSection(SolutionProperties) = preSolution
		HideSolutionNode = FALSE
	EndGlobalSection
	GlobalSection(ExtensibilityGlobals) = postSolution
		SolutionGuid = {2DD5BEF1-945A-4088-B171-A25C48795162}
	EndGlobalSection
EndGlobal
